
Microsoft Visual Studio Solution File, Format Version 12.00
# Visual Studio 14
VisualStudioVersion = 14.0.25420.1
MinimumVisualStudioVersion = 10.0.40219.1
Project("{FAE04EC0-301F-11D3-BF4B-00C04F79EFBC}") = "Mileage Gauge", "Mileage Gauge\Mileage Gauge.csproj", "{B9445A3C-CCD1-42F4-895B-9FF829C5D664}"
EndProject
Project("{FAE04EC0-301F-11D3-BF4B-00C04F79EFBC}") = "MileageGauge.DI", "MileageGauge.DI\MileageGauge.DI.csproj", "{1A9BAF4A-E675-4549-8E80-D59BA38EABF6}"
EndProject
Project("{FAE04EC0-301F-11D3-BF4B-00C04F79EFBC}") = "MileageGauge.CSharp.Abstractions", "MileageGauge.CSharp.Abstractions\MileageGauge.CSharp.Abstractions.csproj", "{7DB8FEA4-9729-4DF8-9032-B52EEA00106A}"
EndProject
Project("{FAE04EC0-301F-11D3-BF4B-00C04F79EFBC}") = "MileageGauge.CSharp.Implementations", "MileageGauge.CSharp.Implementations\MileageGauge.CSharp.Implementations.csproj", "{051CCBA0-E226-4BC7-A1D1-3BBA96C80990}"
EndProject
Project("{FAE04EC0-301F-11D3-BF4B-00C04F79EFBC}") = "MileageGauge.CSharp.Implementations.Test", "MileageGauge.CSharp.Implementations.Test\MileageGauge.CSharp.Implementations.Test.csproj", "{0479B3FB-AB14-46B5-8F12-2C08BD2C9DE1}"
EndProject
Project("{FAE04EC0-301F-11D3-BF4B-00C04F79EFBC}") = "MileageGauge.ELM327.Implementation", "MileageGauge.Diagnostic.Implementation\MileageGauge.ELM327.Implementation.csproj", "{3D61022B-2E6B-44B0-A500-A7870611FD9C}"
EndProject
Project("{FAE04EC0-301F-11D3-BF4B-00C04F79EFBC}") = "MileageGauge.Android.Implementations", "MileageGauge.Android.Implementations\MileageGauge.Android.Implementations.csproj", "{48886048-818D-499C-B2A3-7B596C7D912D}"
EndProject
Global
	GlobalSection(SolutionConfigurationPlatforms) = preSolution
		Debug|Any CPU = Debug|Any CPU
		Release|Any CPU = Release|Any CPU
	EndGlobalSection
	GlobalSection(ProjectConfigurationPlatforms) = postSolution
		{B9445A3C-CCD1-42F4-895B-9FF829C5D664}.Debug|Any CPU.ActiveCfg = Debug|Any CPU
		{B9445A3C-CCD1-42F4-895B-9FF829C5D664}.Debug|Any CPU.Build.0 = Debug|Any CPU
		{B9445A3C-CCD1-42F4-895B-9FF829C5D664}.Debug|Any CPU.Deploy.0 = Debug|Any CPU
		{B9445A3C-CCD1-42F4-895B-9FF829C5D664}.Release|Any CPU.ActiveCfg = Release|Any CPU
		{B9445A3C-CCD1-42F4-895B-9FF829C5D664}.Release|Any CPU.Build.0 = Release|Any CPU
		{B9445A3C-CCD1-42F4-895B-9FF829C5D664}.Release|Any CPU.Deploy.0 = Release|Any CPU
		{1A9BAF4A-E675-4549-8E80-D59BA38EABF6}.Debug|Any CPU.ActiveCfg = Debug|Any CPU
		{1A9BAF4A-E675-4549-8E80-D59BA38EABF6}.Debug|Any CPU.Build.0 = Debug|Any CPU
		{1A9BAF4A-E675-4549-8E80-D59BA38EABF6}.Release|Any CPU.ActiveCfg = Release|Any CPU
		{1A9BAF4A-E675-4549-8E80-D59BA38EABF6}.Release|Any CPU.Build.0 = Release|Any CPU
		{7DB8FEA4-9729-4DF8-9032-B52EEA00106A}.Debug|Any CPU.ActiveCfg = Debug|Any CPU
		{7DB8FEA4-9729-4DF8-9032-B52EEA00106A}.Debug|Any CPU.Build.0 = Debug|Any CPU
		{7DB8FEA4-9729-4DF8-9032-B52EEA00106A}.Release|Any CPU.ActiveCfg = Release|Any CPU
		{7DB8FEA4-9729-4DF8-9032-B52EEA00106A}.Release|Any CPU.Build.0 = Release|Any CPU
		{051CCBA0-E226-4BC7-A1D1-3BBA96C80990}.Debug|Any CPU.ActiveCfg = Debug|Any CPU
		{051CCBA0-E226-4BC7-A1D1-3BBA96C80990}.Debug|Any CPU.Build.0 = Debug|Any CPU
		{051CCBA0-E226-4BC7-A1D1-3BBA96C80990}.Release|Any CPU.ActiveCfg = Release|Any CPU
		{051CCBA0-E226-4BC7-A1D1-3BBA96C80990}.Release|Any CPU.Build.0 = Release|Any CPU
		{0479B3FB-AB14-46B5-8F12-2C08BD2C9DE1}.Debug|Any CPU.ActiveCfg = Debug|Any CPU
		{0479B3FB-AB14-46B5-8F12-2C08BD2C9DE1}.Debug|Any CPU.Build.0 = Debug|Any CPU
		{0479B3FB-AB14-46B5-8F12-2C08BD2C9DE1}.Release|Any CPU.ActiveCfg = Release|Any CPU
		{0479B3FB-AB14-46B5-8F12-2C08BD2C9DE1}.Release|Any CPU.Build.0 = Release|Any CPU
		{3D61022B-2E6B-44B0-A500-A7870611FD9C}.Debug|Any CPU.ActiveCfg = Debug|Any CPU
		{3D61022B-2E6B-44B0-A500-A7870611FD9C}.Debug|Any CPU.Build.0 = Debug|Any CPU
		{3D61022B-2E6B-44B0-A500-A7870611FD9C}.Release|Any CPU.ActiveCfg = Release|Any CPU
		{3D61022B-2E6B-44B0-A500-A7870611FD9C}.Release|Any CPU.Build.0 = Release|Any CPU
		{48886048-818D-499C-B2A3-7B596C7D912D}.Debug|Any CPU.ActiveCfg = Debug|Any CPU
		{48886048-818D-499C-B2A3-7B596C7D912D}.Debug|Any CPU.Build.0 = Debug|Any CPU
		{48886048-818D-499C-B2A3-7B596C7D912D}.Release|Any CPU.ActiveCfg = Release|Any CPU
		{48886048-818D-499C-B2A3-7B596C7D912D}.Release|Any CPU.Build.0 = Release|Any CPU
	EndGlobalSection
	GlobalSection(SolutionProperties) = preSolution
		HideSolutionNode = FALSE
	EndGlobalSection
EndGlobal
